[
    {
        "cdn-jsdelivr": {
            "gh": {
                "css": {
                    "normal": "https://cdn.jsdelivr.net/gh/x3xploi7x/ReporTools/src/dist/css/ReporTools.css",
                    "mimified": "https://cdn.jsdelivr.net/gh/x3xploi7x/ReporTools/src/dist/css/ReporTools.min.css"
                },
                "js": {
                    "normal": "https://cdn.jsdelivr.net/gh/x3xploi7x/ReporTools/src/dist/js/ReporTools.js",
                    "mimified": "https://cdn.jsdelivr.net/gh/x3xploi7x/ReporTools/src/dist/js/ReporTools.min.js"
                }
            }
        }
    }
]
