[
    {
        "name": "ReporToolsDesktop",
        "version": "0.1",
        "author": "x3xploi7x",
        "devDependencies": [
            {
                "name": "LibSass",
                "version": "3.6.5"
            },
            {
                "name": "TypeScript",
                "version": "4.4"
            }
        ]
    }
]